Microsoft Visual Studio Solution File, Format Version 12.00
# Visual Studio Version 17
VisualStudioVersion = 17.5.2.0
MinimumVisualStudioVersion = 10.0.40219.1
Project("{2150E333-8FDC-42A3-9474-1A3956D46DE8}") = "Practice", "Practice", "{4999A393-3DA7-F281-F13A-F9FD992FD574}"
EndProject
Project("{2150E333-8FDC-42A3-9474-1A3956D46DE8}") = "Case ###### 1.1.1.1. Azure Virtual Machines (VMs)", "Case ###### 1.1.1.1. Azure Virtual Machines (VMs)", "{3339D89F-8278-70FE-01BE-8EAB6E91AD1A}"
EndProject
Project("{FAE04EC0-301F-11D3-BF4B-00C04F79EFBC}") = "src", "Practice\Case ###### 1.1.1.1. Azure Virtual Machines (VMs)\src\src.csproj", "{575AF6E9-12A8-93AC-E989-4BFE69457498}"
EndProject
Global
	GlobalSection(SolutionConfigurationPlatforms) = preSolution
		Debug|Any CPU = Debug|Any CPU
		Release|Any CPU = Release|Any CPU
	EndGlobalSection
	GlobalSection(ProjectConfigurationPlatforms) = postSolution
		{575AF6E9-12A8-93AC-E989-4BFE69457498}.Debug|Any CPU.ActiveCfg = Debug|Any CPU
		{575AF6E9-12A8-93AC-E989-4BFE69457498}.Debug|Any CPU.Build.0 = Debug|Any CPU
		{575AF6E9-12A8-93AC-E989-4BFE69457498}.Release|Any CPU.ActiveCfg = Release|Any CPU
		{575AF6E9-12A8-93AC-E989-4BFE69457498}.Release|Any CPU.Build.0 = Release|Any CPU
	EndGlobalSection
	GlobalSection(SolutionProperties) = preSolution
		HideSolutionNode = FALSE
	EndGlobalSection
	GlobalSection(NestedProjects) = preSolution
		{3339D89F-8278-70FE-01BE-8EAB6E91AD1A} = {4999A393-3DA7-F281-F13A-F9FD992FD574}
		{575AF6E9-12A8-93AC-E989-4BFE69457498} = {3339D89F-8278-70FE-01BE-8EAB6E91AD1A}
	EndGlobalSection
	GlobalSection(ExtensibilityGlobals) = postSolution
		SolutionGuid = {91F60682-3232-45C9-ACB1-434D4DFCA3A6}
	EndGlobalSection
EndGlobal
